Microsoft Visual Studio Solution File, Format Version 12.00
# Visual Studio Version 17
VisualStudioVersion = 17.14.36603.0 d17.14
MinimumVisualStudioVersion = 10.0.40219.1
Project("{8BC9CEB8-8B4A-11D0-8D11-00A0C91BC942}") = "LightEngine", "LightEngine\LightEngine.vcxproj", "{81B6A9B3-8078-4541-B8A0-CE59D37ED3A8}"
EndProject
Project("{8BC9CEB8-8B4A-11D0-8D11-00A0C91BC942}") = "Sample", "Sample\Sample.vcxproj", "{DD1A45B5-5A16-4388-9E5B-04501F3C880B}"
EndProject
Project("{8BC9CEB8-8B4A-11D0-8D11-00A0C91BC942}") = "Mini_studio", "Mini_studio\Mini_studio.vcxproj", "{9707F9B0-B6B5-40FF-B71F-27CF09602390}"
	ProjectSection(ProjectDependencies) = postProject
		{81B6A9B3-8078-4541-B8A0-CE59D37ED3A8} = {81B6A9B3-8078-4541-B8A0-CE59D37ED3A8}
	EndProjectSection
EndProject
Global
	GlobalSection(SolutionConfigurationPlatforms) = preSolution
		Debug|x64 = Debug|x64
		Release|x64 = Release|x64
	EndGlobalSection
	GlobalSection(ProjectConfigurationPlatforms) = postSolution
		{81B6A9B3-8078-4541-B8A0-CE59D37ED3A8}.Debug|x64.ActiveCfg = Debug|x64
		{81B6A9B3-8078-4541-B8A0-CE59D37ED3A8}.Debug|x64.Build.0 = Debug|x64
		{81B6A9B3-8078-4541-B8A0-CE59D37ED3A8}.Release|x64.ActiveCfg = Release|x64
		{81B6A9B3-8078-4541-B8A0-CE59D37ED3A8}.Release|x64.Build.0 = Release|x64
		{DD1A45B5-5A16-4388-9E5B-04501F3C880B}.Debug|x64.ActiveCfg = Debug|x64
		{DD1A45B5-5A16-4388-9E5B-04501F3C880B}.Debug|x64.Build.0 = Debug|x64
		{DD1A45B5-5A16-4388-9E5B-04501F3C880B}.Release|x64.ActiveCfg = Release|x64
		{DD1A45B5-5A16-4388-9E5B-04501F3C880B}.Release|x64.Build.0 = Release|x64
		{9707F9B0-B6B5-40FF-B71F-27CF09602390}.Debug|x64.ActiveCfg = Debug|x64
		{9707F9B0-B6B5-40FF-B71F-27CF09602390}.Debug|x64.Build.0 = Debug|x64
		{9707F9B0-B6B5-40FF-B71F-27CF09602390}.Release|x64.ActiveCfg = Release|x64
		{9707F9B0-B6B5-40FF-B71F-27CF09602390}.Release|x64.Build.0 = Release|x64
	EndGlobalSection
	GlobalSection(SolutionProperties) = preSolution
		HideSolutionNode = FALSE
	EndGlobalSection
	GlobalSection(ExtensibilityGlobals) = postSolution
		SolutionGuid = {F312B106-74D2-4EA3-95E2-698C237BC127}
	EndGlobalSection
EndGlobal
