<?xml version="1.0" encoding="utf-8"?>
<Project xmlns="http://schemas.microsoft.com/developer/msbuild/2003" ToolsVersion="4.0">
  <ItemGroup>
    <Filter Include="header">
      <UniqueIdentifier>{AFD12F3E-66E4-41B5-A162-5A29EC5F7E06}</UniqueIdentifier>
      <Extensions>h;hpp</Extensions>
    </Filter>
    <Filter Include="resource">
      <UniqueIdentifier>{D66AF786-5893-491B-BB46-55B85BDDB95C}</UniqueIdentifier>
      <Extensions>hlsl;jpg;jpeg;png;wav;mp3;ico;dds;rc;obj</Extensions>
    </Filter>
    <Filter Include="source">
      <UniqueIdentifier>{80663AF2-6EC5-4345-A305-80DED37C08A4}</UniqueIdentifier>
      <Extensions>cpp;c</Extensions>
    </Filter>
  </ItemGroup>
  <ItemGroup>
    <ClCompile Include="..\..\..\src\Mini_studio\Attack.cpp">
      <Filter>source</Filter>
    </ClCompile>
    <ClCompile Include="..\..\..\src\Mini_studio\Boss.cpp">
      <Filter>source</Filter>
    </ClCompile>
    <ClCompile Include="..\..\..\src\Mini_studio\Collectible.cpp">
      <Filter>source</Filter>
    </ClCompile>
    <ClCompile Include="..\..\..\src\Mini_studio\Destructible.cpp">
      <Filter>source</Filter>
    </ClCompile>
    <ClCompile Include="..\..\..\src\Mini_studio\enemies.cpp">
      <Filter>source</Filter>
    </ClCompile>
    <ClCompile Include="..\..\..\src\Mini_studio\IA_Enemies.cpp">
      <Filter>source</Filter>
    </ClCompile>
    <ClCompile Include="..\..\..\src\Mini_studio\Level.cpp">
      <Filter>source</Filter>
    </ClCompile>
    <ClCompile Include="..\..\..\src\Mini_studio\main.cpp">
      <Filter>source</Filter>
    </ClCompile>
    <ClCompile Include="..\..\..\src\Mini_studio\MainScene.cpp">
      <Filter>source</Filter>
    </ClCompile>
    <ClCompile Include="..\..\..\src\Mini_studio\Parallaxe.cpp">
      <Filter>source</Filter>
    </ClCompile>
    <ClCompile Include="..\..\..\src\Mini_studio\pch.cpp">
      <Filter>source</Filter>
    </ClCompile>
    <ClCompile Include="..\..\..\src\Mini_studio\Player.cpp">
      <Filter>source</Filter>
    </ClCompile>
    <ClCompile Include="..\..\..\src\Mini_studio\Projectile.cpp">
      <Filter>source</Filter>
    </ClCompile>
    <ClCompile Include="..\..\..\src\Mini_studio\sceneTemporaire.cpp">
      <Filter>source</Filter>
    </ClCompile>
    <ClCompile Include="..\..\..\src\Mini_studio\Shockwave.cpp">
      <Filter>source</Filter>
    </ClCompile>
    <ClCompile Include="..\..\..\src\Mini_studio\Shoot.cpp">
      <Filter>source</Filter>
    </ClCompile>
    <ClCompile Include="..\..\..\src\Mini_studio\skill.cpp">
      <Filter>source</Filter>
    </ClCompile>
    <ClCompile Include="..\..\..\src\Mini_studio\Square.cpp">
      <Filter>source</Filter>
    </ClCompile>
    <ClCompile Include="..\..\..\src\Mini_studio\StateMachine.cpp">
      <Filter>source</Filter>
    </ClCompile>
    <ClCompile Include="..\..\..\src\Mini_studio\TypesOfEnemies.cpp">
      <Filter>source</Filter>
    </ClCompile>
    <ClInclude Include="..\..\..\src\Mini_studio\Attack.h">
      <Filter>header</Filter>
    </ClInclude>
    <ClInclude Include="..\..\..\src\Mini_studio\Boss.h">
      <Filter>header</Filter>
    </ClInclude>
    <ClInclude Include="..\..\..\src\Mini_studio\Collectible.h">
      <Filter>header</Filter>
    </ClInclude>
    <ClInclude Include="..\..\..\src\Mini_studio\Destructible.h">
      <Filter>header</Filter>
    </ClInclude>
    <ClInclude Include="..\..\..\src\Mini_studio\enemies.h">
      <Filter>header</Filter>
    </ClInclude>
    <ClInclude Include="..\..\..\src\Mini_studio\IA_Enemies.h">
      <Filter>header</Filter>
    </ClInclude>
    <ClInclude Include="..\..\..\src\Mini_studio\Level.h">
      <Filter>header</Filter>
    </ClInclude>
    <ClInclude Include="..\..\..\src\Mini_studio\main.h">
      <Filter>header</Filter>
    </ClInclude>
    <ClInclude Include="..\..\..\src\Mini_studio\MainScene.h">
      <Filter>header</Filter>
    </ClInclude>
    <ClInclude Include="..\..\..\src\Mini_studio\Parallaxe.h">
      <Filter>header</Filter>
    </ClInclude>
    <ClInclude Include="..\..\..\src\Mini_studio\pch.h">
      <Filter>header</Filter>
    </ClInclude>
    <ClInclude Include="..\..\..\src\Mini_studio\Player.h">
      <Filter>header</Filter>
    </ClInclude>
    <ClInclude Include="..\..\..\src\Mini_studio\Projectile.h">
      <Filter>header</Filter>
    </ClInclude>
    <ClInclude Include="..\..\..\src\Mini_studio\resource.h">
      <Filter>header</Filter>
    </ClInclude>
    <ClInclude Include="..\..\..\src\Mini_studio\sceneTemporaire.h">
      <Filter>header</Filter>
    </ClInclude>
    <ClInclude Include="..\..\..\src\Mini_studio\Shockwave.h">
      <Filter>header</Filter>
    </ClInclude>
    <ClInclude Include="..\..\..\src\Mini_studio\Shoot.h">
      <Filter>header</Filter>
    </ClInclude>
    <ClInclude Include="..\..\..\src\Mini_studio\skill.h">
      <Filter>header</Filter>
    </ClInclude>
    <ClInclude Include="..\..\..\src\Mini_studio\Square.h">
      <Filter>header</Filter>
    </ClInclude>
    <ClInclude Include="..\..\..\src\Mini_studio\StateMachine.h">
      <Filter>header</Filter>
    </ClInclude>
    <ClInclude Include="..\..\..\src\Mini_studio\TypesOfEnemies.h">
      <Filter>header</Filter>
    </ClInclude>
    <None Include="..\..\..\src\Mini_studio\app.ico">
      <Filter>resource</Filter>
    </None>
    <None Include="..\..\..\src\Mini_studio\app.rc">
      <Filter>resource</Filter>
    </None>
    <None Include="..\..\..\src\Mini_studio\small.ico">
      <Filter>resource</Filter>
    </None>
    <ClCompile Include="..\..\..\src\Mini_studio\Maze.cpp">
      <Filter>source</Filter>
    </ClCompile>
  </ItemGroup>
  <ItemGroup>
    <ClInclude Include="..\..\..\src\Mini_studio\Maze.h">
      <Filter>header</Filter>
    </ClInclude>
  </ItemGroup>
</Project>